
Microsoft Visual Studio Solution File, Format Version 12.00
# Visual Studio 14
VisualStudioVersion = 14.0.25420.1
MinimumVisualStudioVersion = 10.0.40219.1
Project("{FAE04EC0-301F-11D3-BF4B-00C04F79EFBC}") = "ArgsParser", "ArgsParser\ArgsParser.csproj", "{D437BFDD-2A59-4367-8A03-FF986201FBF3}"
EndProject
Project("{FAE04EC0-301F-11D3-BF4B-00C04F79EFBC}") = "Demo", "Demo\Demo.csproj", "{F5C7F7CD-4778-4845-93EE-9EFAA4367DB0}"
EndProject
Global
	GlobalSection(SolutionConfigurationPlatforms) = preSolution
		Debug|Any CPU = Debug|Any CPU
		Release|Any CPU = Release|Any CPU
	EndGlobalSection
	GlobalSection(ProjectConfigurationPlatforms) = postSolution
		{D437BFDD-2A59-4367-8A03-FF986201FBF3}.Debug|Any CPU.ActiveCfg = Debug|Any CPU
		{D437BFDD-2A59-4367-8A03-FF986201FBF3}.Debug|Any CPU.Build.0 = Debug|Any CPU
		{D437BFDD-2A59-4367-8A03-FF986201FBF3}.Release|Any CPU.ActiveCfg = Release|Any CPU
		{D437BFDD-2A59-4367-8A03-FF986201FBF3}.Release|Any CPU.Build.0 = Release|Any CPU
		{F5C7F7CD-4778-4845-93EE-9EFAA4367DB0}.Debug|Any CPU.ActiveCfg = Debug|Any CPU
		{F5C7F7CD-4778-4845-93EE-9EFAA4367DB0}.Debug|Any CPU.Build.0 = Debug|Any CPU
		{F5C7F7CD-4778-4845-93EE-9EFAA4367DB0}.Release|Any CPU.ActiveCfg = Release|Any CPU
		{F5C7F7CD-4778-4845-93EE-9EFAA4367DB0}.Release|Any CPU.Build.0 = Release|Any CPU
	EndGlobalSection
	GlobalSection(SolutionProperties) = preSolution
		HideSolutionNode = FALSE
	EndGlobalSection
EndGlobal
